
Microsoft Visual Studio Solution File, Format Version 12.00
# Visual Studio 15
VisualStudioVersion = 15.0.28010.2046
MinimumVisualStudioVersion = 10.0.40219.1
Project("{FAE04EC0-301F-11D3-BF4B-00C04F79EFBC}") = "BookInsertOperation", "BookInsertOperation\BookInsertOperation.csproj", "{1C67BFBC-A8EA-4FC2-9258-A244842FA7B7}"
EndProject
Global
	GlobalSection(SolutionConfigurationPlatforms) = preSolution
		Debug|Any CPU = Debug|Any CPU
		Release|Any CPU = Release|Any CPU
	EndGlobalSection
	GlobalSection(ProjectConfigurationPlatforms) = postSolution
		{1C67BFBC-A8EA-4FC2-9258-A244842FA7B7}.Debug|Any CPU.ActiveCfg = Debug|Any CPU
		{1C67BFBC-A8EA-4FC2-9258-A244842FA7B7}.Debug|Any CPU.Build.0 = Debug|Any CPU
		{1C67BFBC-A8EA-4FC2-9258-A244842FA7B7}.Release|Any CPU.ActiveCfg = Release|Any CPU
		{1C67BFBC-A8EA-4FC2-9258-A244842FA7B7}.Release|Any CPU.Build.0 = Release|Any CPU
	EndGlobalSection
	GlobalSection(SolutionProperties) = preSolution
		HideSolutionNode = FALSE
	EndGlobalSection
	GlobalSection(ExtensibilityGlobals) = postSolution
		SolutionGuid = {49CBBF82-728E-4EC4-99D2-BA92657F745E}
	EndGlobalSection
EndGlobal
