
Microsoft Visual Studio Solution File, Format Version 12.00
# Visual Studio 15
VisualStudioVersion = 15.0.28010.2046
MinimumVisualStudioVersion = 10.0.40219.1
Project("{FAE04EC0-301F-11D3-BF4B-00C04F79EFBC}") = "linqCRUD", "linqCRUD\linqCRUD.csproj", "{F5484CD1-C791-4919-93D9-6AB9317106BD}"
EndProject
Global
	GlobalSection(SolutionConfigurationPlatforms) = preSolution
		Debug|Any CPU = Debug|Any CPU
		Release|Any CPU = Release|Any CPU
	EndGlobalSection
	GlobalSection(ProjectConfigurationPlatforms) = postSolution
		{F5484CD1-C791-4919-93D9-6AB9317106BD}.Debug|Any CPU.ActiveCfg = Debug|Any CPU
		{F5484CD1-C791-4919-93D9-6AB9317106BD}.Debug|Any CPU.Build.0 = Debug|Any CPU
		{F5484CD1-C791-4919-93D9-6AB9317106BD}.Release|Any CPU.ActiveCfg = Release|Any CPU
		{F5484CD1-C791-4919-93D9-6AB9317106BD}.Release|Any CPU.Build.0 = Release|Any CPU
	EndGlobalSection
	GlobalSection(SolutionProperties) = preSolution
		HideSolutionNode = FALSE
	EndGlobalSection
	GlobalSection(ExtensibilityGlobals) = postSolution
		SolutionGuid = {42E78FFB-8E78-4183-8179-0277B8A91C21}
	EndGlobalSection
EndGlobal
